
Microsoft Visual Studio Solution File, Format Version 12.00
Project("{2150E333-8FDC-42A3-9474-1A3956D46DE8}") = "infrastructure", "infrastructure", "{C8847B74-8B84-41DF-A2DA-D8836BD3890C}"
EndProject
Project("{FAE04EC0-301F-11D3-BF4B-00C04F79EFBC}") = "Services", "Services\Services.csproj", "{23402E87-C484-42F6-8F89-801015ED76D1}"
EndProject
Project("{2150E333-8FDC-42A3-9474-1A3956D46DE8}") = "Presentation", "Presentation", "{F7642ACD-63A5-47B7-A761-CF6C471DCED5}"
EndProject
Project("{FAE04EC0-301F-11D3-BF4B-00C04F79EFBC}") = "WeatherWiseAPI", "WeatherWiseAPI\WeatherWiseAPI.csproj", "{D2BDD44C-818F-4063-AD13-9C63D3A74019}"
EndProject
Project("{2150E333-8FDC-42A3-9474-1A3956D46DE8}") = "Test", "Test", "{1E444D3F-568C-4C6C-A52E-3C673FEA5205}"
EndProject
Project("{FAE04EC0-301F-11D3-BF4B-00C04F79EFBC}") = "TestWeatherWise", "TestWeatherWise\TestWeatherWise.csproj", "{5486472A-D6BC-4625-86D8-845C3A80D7D5}"
EndProject
Global
	GlobalSection(SolutionConfigurationPlatforms) = preSolution
		Debug|Any CPU = Debug|Any CPU
		Release|Any CPU = Release|Any CPU
	EndGlobalSection
	GlobalSection(NestedProjects) = preSolution
		{23402E87-C484-42F6-8F89-801015ED76D1} = {C8847B74-8B84-41DF-A2DA-D8836BD3890C}
		{D2BDD44C-818F-4063-AD13-9C63D3A74019} = {F7642ACD-63A5-47B7-A761-CF6C471DCED5}
		{5486472A-D6BC-4625-86D8-845C3A80D7D5} = {1E444D3F-568C-4C6C-A52E-3C673FEA5205}
	EndGlobalSection
	GlobalSection(ProjectConfigurationPlatforms) = postSolution
		{23402E87-C484-42F6-8F89-801015ED76D1}.Debug|Any CPU.ActiveCfg = Debug|Any CPU
		{23402E87-C484-42F6-8F89-801015ED76D1}.Debug|Any CPU.Build.0 = Debug|Any CPU
		{23402E87-C484-42F6-8F89-801015ED76D1}.Release|Any CPU.ActiveCfg = Release|Any CPU
		{23402E87-C484-42F6-8F89-801015ED76D1}.Release|Any CPU.Build.0 = Release|Any CPU
		{D2BDD44C-818F-4063-AD13-9C63D3A74019}.Debug|Any CPU.ActiveCfg = Debug|Any CPU
		{D2BDD44C-818F-4063-AD13-9C63D3A74019}.Debug|Any CPU.Build.0 = Debug|Any CPU
		{D2BDD44C-818F-4063-AD13-9C63D3A74019}.Release|Any CPU.ActiveCfg = Release|Any CPU
		{D2BDD44C-818F-4063-AD13-9C63D3A74019}.Release|Any CPU.Build.0 = Release|Any CPU
		{5486472A-D6BC-4625-86D8-845C3A80D7D5}.Debug|Any CPU.ActiveCfg = Debug|Any CPU
		{5486472A-D6BC-4625-86D8-845C3A80D7D5}.Debug|Any CPU.Build.0 = Debug|Any CPU
		{5486472A-D6BC-4625-86D8-845C3A80D7D5}.Release|Any CPU.ActiveCfg = Release|Any CPU
		{5486472A-D6BC-4625-86D8-845C3A80D7D5}.Release|Any CPU.Build.0 = Release|Any CPU
	EndGlobalSection
EndGlobal
